
Microsoft Visual Studio Solution File, Format Version 12.00
# Visual Studio Version 16
VisualStudioVersion = 16.0.30611.23
MinimumVisualStudioVersion = 10.0.40219.1
Project("{FAE04EC0-301F-11D3-BF4B-00C04F79EFBC}") = "DL", "DL\DL.csproj", "{D85116D9-0594-438F-AE0C-78FDC48A901D}"
EndProject
Project("{FAE04EC0-301F-11D3-BF4B-00C04F79EFBC}") = "BL", "BL\BL.csproj", "{4AD08F9A-0FAF-4C5C-915E-490D2D51A573}"
EndProject
Project("{FAE04EC0-301F-11D3-BF4B-00C04F79EFBC}") = "UI", "UI\UI.csproj", "{C7DD6409-0E49-4FA0-B951-889DBDFADCCB}"
EndProject
Project("{FAE04EC0-301F-11D3-BF4B-00C04F79EFBC}") = "Entities", "Model\Entities.csproj", "{46ABFC6D-9A06-49BF-BBAC-877CEBDA91DC}"
EndProject
Global
	GlobalSection(SolutionConfigurationPlatforms) = preSolution
		Debug|Any CPU = Debug|Any CPU
		Release|Any CPU = Release|Any CPU
	EndGlobalSection
	GlobalSection(ProjectConfigurationPlatforms) = postSolution
		{D85116D9-0594-438F-AE0C-78FDC48A901D}.Debug|Any CPU.ActiveCfg = Debug|Any CPU
		{D85116D9-0594-438F-AE0C-78FDC48A901D}.Debug|Any CPU.Build.0 = Debug|Any CPU
		{D85116D9-0594-438F-AE0C-78FDC48A901D}.Release|Any CPU.ActiveCfg = Release|Any CPU
		{D85116D9-0594-438F-AE0C-78FDC48A901D}.Release|Any CPU.Build.0 = Release|Any CPU
		{4AD08F9A-0FAF-4C5C-915E-490D2D51A573}.Debug|Any CPU.ActiveCfg = Debug|Any CPU
		{4AD08F9A-0FAF-4C5C-915E-490D2D51A573}.Debug|Any CPU.Build.0 = Debug|Any CPU
		{4AD08F9A-0FAF-4C5C-915E-490D2D51A573}.Release|Any CPU.ActiveCfg = Release|Any CPU
		{4AD08F9A-0FAF-4C5C-915E-490D2D51A573}.Release|Any CPU.Build.0 = Release|Any CPU
		{C7DD6409-0E49-4FA0-B951-889DBDFADCCB}.Debug|Any CPU.ActiveCfg = Debug|Any CPU
		{C7DD6409-0E49-4FA0-B951-889DBDFADCCB}.Debug|Any CPU.Build.0 = Debug|Any CPU
		{C7DD6409-0E49-4FA0-B951-889DBDFADCCB}.Release|Any CPU.ActiveCfg = Release|Any CPU
		{C7DD6409-0E49-4FA0-B951-889DBDFADCCB}.Release|Any CPU.Build.0 = Release|Any CPU
		{46ABFC6D-9A06-49BF-BBAC-877CEBDA91DC}.Debug|Any CPU.ActiveCfg = Debug|Any CPU
		{46ABFC6D-9A06-49BF-BBAC-877CEBDA91DC}.Debug|Any CPU.Build.0 = Debug|Any CPU
		{46ABFC6D-9A06-49BF-BBAC-877CEBDA91DC}.Release|Any CPU.ActiveCfg = Release|Any CPU
		{46ABFC6D-9A06-49BF-BBAC-877CEBDA91DC}.Release|Any CPU.Build.0 = Release|Any CPU
	EndGlobalSection
	GlobalSection(SolutionProperties) = preSolution
		HideSolutionNode = FALSE
	EndGlobalSection
	GlobalSection(ExtensibilityGlobals) = postSolution
		SolutionGuid = {DA42E4B2-742F-4A45-A338-0E95FC740E21}
	EndGlobalSection
EndGlobal
